
Microsoft Visual Studio Solution File, Format Version 12.00
# Visual Studio Version 17
VisualStudioVersion = 17.9.34622.214
MinimumVisualStudioVersion = 10.0.40219.1
Project("{FAE04EC0-301F-11D3-BF4B-00C04F79EFBC}") = "Week9Lists", "Week9Lists\Week9Lists.csproj", "{A9757C3C-50DE-4F74-835D-0361D875310F}"
EndProject
Global
	GlobalSection(SolutionConfigurationPlatforms) = preSolution
		Debug|Any CPU = Debug|Any CPU
		Release|Any CPU = Release|Any CPU
	EndGlobalSection
	GlobalSection(ProjectConfigurationPlatforms) = postSolution
		{A9757C3C-50DE-4F74-835D-0361D875310F}.Debug|Any CPU.ActiveCfg = Debug|Any CPU
		{A9757C3C-50DE-4F74-835D-0361D875310F}.Debug|Any CPU.Build.0 = Debug|Any CPU
		{A9757C3C-50DE-4F74-835D-0361D875310F}.Release|Any CPU.ActiveCfg = Release|Any CPU
		{A9757C3C-50DE-4F74-835D-0361D875310F}.Release|Any CPU.Build.0 = Release|Any CPU
	EndGlobalSection
	GlobalSection(SolutionProperties) = preSolution
		HideSolutionNode = FALSE
	EndGlobalSection
	GlobalSection(ExtensibilityGlobals) = postSolution
		SolutionGuid = {74833CBB-A43A-47C5-B0A4-E26B9DC4EAB1}
	EndGlobalSection
EndGlobal
